%{"bbmustache": {:hex, :bbmustache, "1.0.4"},
  "calendar": {:hex, :calendar, "0.13.2"},
  "certifi": {:hex, :certifi, "0.4.0"},
  "cf": {:hex, :cf, "0.2.1"},
  "combine": {:hex, :combine, "0.7.0"},
  "connection": {:hex, :connection, "1.0.2"},
  "cowboy": {:hex, :cowboy, "1.0.4"},
  "cowlib": {:hex, :cowlib, "1.0.2"},
  "db_connection": {:hex, :db_connection, "0.2.4"},
  "decimal": {:hex, :decimal, "1.1.1"},
  "ecto": {:hex, :ecto, "2.0.0-beta.1"},
  "erlbz2": {:git, "https://github.com/smarkets/erlbz2.git", "a974daf5304051e2539e0bb4b0875b8c558bf7b2", []},
  "erlware_commons": {:hex, :erlware_commons, "0.18.0"},
  "exrm": {:hex, :exrm, "1.0.0-rc8"},
  "getopt": {:hex, :getopt, "0.8.2"},
  "hackney": {:hex, :hackney, "1.5.1"},
  "idna": {:hex, :idna, "1.1.0"},
  "jiffy": {:hex, :jiffy, "0.14.7"},
  "mariaex": {:hex, :mariaex, "0.7.0"},
  "message_pack": {:hex, :message_pack, "0.2.0"},
  "metrics": {:hex, :metrics, "1.0.1"},
  "mimerl": {:hex, :mimerl, "1.0.2"},
  "mysql": {:hex, :mysql, "1.0.0"},
  "mysqlex": {:git, "https://github.com/tjheeta/mysqlex.git", "d3cffe8f2be9aef79d90700495795624e34edc21", []},
  "plug": {:hex, :plug, "1.1.1"},
  "poolboy": {:hex, :poolboy, "1.5.1"},
  "proper": {:git, "git://github.com/manopapad/proper.git", "1b773eeb47cb2c3116d78bdf681505703b762eee", [branch: "master"]},
  "providers": {:hex, :providers, "1.6.0"},
  "ranch": {:hex, :ranch, "1.2.1"},
  "relx": {:hex, :relx, "3.17.0"},
  "ssl_verify_hostname": {:hex, :ssl_verify_hostname, "1.0.6"},
  "timex": {:hex, :timex, "2.1.0"},
  "tzdata": {:hex, :tzdata, "0.5.6"},
  "uuid": {:hex, :uuid, "1.1.3"}}
