%{"bbmustache": {:hex, :bbmustache, "1.0.4"},
  "cf": {:hex, :cf, "0.2.1"},
  "connection": {:hex, :connection, "1.0.2"},
  "cowboy": {:hex, :cowboy, "1.0.4"},
  "cowlib": {:hex, :cowlib, "1.0.2"},
  "db_connection": {:hex, :db_connection, "0.2.4"},
  "decimal": {:hex, :decimal, "1.1.1"},
  "ecto": {:hex, :ecto, "2.0.0-beta.1"},
  "erlbz2": {:git, "https://github.com/smarkets/erlbz2.git", "a974daf5304051e2539e0bb4b0875b8c558bf7b2", []},
  "erlware_commons": {:hex, :erlware_commons, "0.18.0"},
  "exrm": {:hex, :exrm, "1.0.0-rc8"},
  "getopt": {:hex, :getopt, "0.8.2"},
  "jiffy": {:hex, :jiffy, "0.14.7"},
  "mariaex": {:hex, :mariaex, "0.7.0"},
  "message_pack": {:hex, :message_pack, "0.2.0"},
  "mysql": {:git, "https://github.com/mysql-otp/mysql-otp.git", "8364cc362f0a22cdde3f16adbdd329ff3d5033b7", []},
  "mysqlex": {:git, "https://github.com/tjheeta/mysqlex.git", "d3cffe8f2be9aef79d90700495795624e34edc21", []},
  "plug": {:hex, :plug, "1.1.1"},
  "poolboy": {:hex, :poolboy, "1.5.1"},
  "proper": {:git, "git://github.com/manopapad/proper.git", "1b773eeb47cb2c3116d78bdf681505703b762eee", [branch: "master"]},
  "providers": {:hex, :providers, "1.6.0"},
  "ranch": {:hex, :ranch, "1.2.1"},
  "relx": {:hex, :relx, "3.17.0"},
  "uuid": {:hex, :uuid, "1.1.3"}}
